
Microsoft Visual Studio Solution File, Format Version 12.00
# Visual Studio 15
VisualStudioVersion = 15.0.28307.102
MinimumVisualStudioVersion = 10.0.40219.1
Project("{FAE04EC0-301F-11D3-BF4B-00C04F79EFBC}") = "Server", "Server\Server.csproj", "{8CFC5E49-76FD-4324-A549-CF23F3889223}"
EndProject
Project("{FAE04EC0-301F-11D3-BF4B-00C04F79EFBC}") = "Client", "Client\Client.csproj", "{447D860D-43F3-48A0-85D3-00F9EA0D7DBA}"
EndProject
Global
	GlobalSection(SolutionConfigurationPlatforms) = preSolution
		Debug|Any CPU = Debug|Any CPU
		Release|Any CPU = Release|Any CPU
	EndGlobalSection
	GlobalSection(ProjectConfigurationPlatforms) = postSolution
		{8CFC5E49-76FD-4324-A549-CF23F3889223}.Debug|Any CPU.ActiveCfg = Debug|Any CPU
		{8CFC5E49-76FD-4324-A549-CF23F3889223}.Debug|Any CPU.Build.0 = Debug|Any CPU
		{8CFC5E49-76FD-4324-A549-CF23F3889223}.Release|Any CPU.ActiveCfg = Release|Any CPU
		{8CFC5E49-76FD-4324-A549-CF23F3889223}.Release|Any CPU.Build.0 = Release|Any CPU
		{447D860D-43F3-48A0-85D3-00F9EA0D7DBA}.Debug|Any CPU.ActiveCfg = Debug|Any CPU
		{447D860D-43F3-48A0-85D3-00F9EA0D7DBA}.Debug|Any CPU.Build.0 = Debug|Any CPU
		{447D860D-43F3-48A0-85D3-00F9EA0D7DBA}.Release|Any CPU.ActiveCfg = Release|Any CPU
		{447D860D-43F3-48A0-85D3-00F9EA0D7DBA}.Release|Any CPU.Build.0 = Release|Any CPU
	EndGlobalSection
	GlobalSection(SolutionProperties) = preSolution
		HideSolutionNode = FALSE
	EndGlobalSection
	GlobalSection(ExtensibilityGlobals) = postSolution
		SolutionGuid = {BA64DEC2-C6A8-40E7-A87E-2E93FE74AD77}
	EndGlobalSection
EndGlobal
